
Microsoft Visual Studio Solution File, Format Version 12.00
# Visual Studio Version 17
VisualStudioVersion = 17.0.31903.59
MinimumVisualStudioVersion = 10.0.40219.1
Project("{FAE04EC0-301F-11D3-BF4B-00C04F79EFBC}") = "MyStandardsProject1.Api", "MyStandardsProject1.Api\MyStandardsProject1.Api.csproj", "{78B3BB47-EA3B-45FA-9B36-DE86EC230F9A}"
EndProject
Project("{FAE04EC0-301F-11D3-BF4B-00C04F79EFBC}") = "MyStandardsProject1.Api.Infrastructure.Build", "MyStandardsProject1.Api.Infrastructure.Build\MyStandardsProject1.Api.Infrastructure.Build.csproj", "{5A969142-05B6-45A0-A574-53C6E9DDC0E1}"
EndProject
Project("{FAE04EC0-301F-11D3-BF4B-00C04F79EFBC}") = "MyStandardsProject1.Api.Infrastructure.Provision", "MyStandardsProject1.Api.Infrastructure.Provision\MyStandardsProject1.Api.Infrastructure.Provision.csproj", "{82D7F015-7AA7-4E93-BA96-9AFADBB8E0BD}"
EndProject
Project("{FAE04EC0-301F-11D3-BF4B-00C04F79EFBC}") = "MyStandardsProject1.Api.Tests.Unit", "MyStandardsProject1.Api.Tests.Unit\MyStandardsProject1.Api.Tests.Unit.csproj", "{18A93F89-0F7A-4AAD-9B81-458E67817AF6}"
EndProject
Project("{FAE04EC0-301F-11D3-BF4B-00C04F79EFBC}") = "MyStandardsProject1.Api.Tests.Acceptance", "MyStandardsProject1.Api.Tests.Acceptance\MyStandardsProject1.Api.Tests.Acceptance.csproj", "{AF055A9C-A84C-4939-B157-8F6FFC6D22A3}"
EndProject
Global
	GlobalSection(SolutionConfigurationPlatforms) = preSolution
		Debug|Any CPU = Debug|Any CPU
		Release|Any CPU = Release|Any CPU
	EndGlobalSection
	GlobalSection(ProjectConfigurationPlatforms) = postSolution
		{78B3BB47-EA3B-45FA-9B36-DE86EC230F9A}.Debug|Any CPU.ActiveCfg = Debug|Any CPU
		{78B3BB47-EA3B-45FA-9B36-DE86EC230F9A}.Debug|Any CPU.Build.0 = Debug|Any CPU
		{78B3BB47-EA3B-45FA-9B36-DE86EC230F9A}.Release|Any CPU.ActiveCfg = Release|Any CPU
		{78B3BB47-EA3B-45FA-9B36-DE86EC230F9A}.Release|Any CPU.Build.0 = Release|Any CPU
		{5A969142-05B6-45A0-A574-53C6E9DDC0E1}.Debug|Any CPU.ActiveCfg = Debug|Any CPU
		{5A969142-05B6-45A0-A574-53C6E9DDC0E1}.Debug|Any CPU.Build.0 = Debug|Any CPU
		{5A969142-05B6-45A0-A574-53C6E9DDC0E1}.Release|Any CPU.ActiveCfg = Release|Any CPU
		{5A969142-05B6-45A0-A574-53C6E9DDC0E1}.Release|Any CPU.Build.0 = Release|Any CPU
		{82D7F015-7AA7-4E93-BA96-9AFADBB8E0BD}.Debug|Any CPU.ActiveCfg = Debug|Any CPU
		{82D7F015-7AA7-4E93-BA96-9AFADBB8E0BD}.Debug|Any CPU.Build.0 = Debug|Any CPU
		{82D7F015-7AA7-4E93-BA96-9AFADBB8E0BD}.Release|Any CPU.ActiveCfg = Release|Any CPU
		{82D7F015-7AA7-4E93-BA96-9AFADBB8E0BD}.Release|Any CPU.Build.0 = Release|Any CPU
		{18A93F89-0F7A-4AAD-9B81-458E67817AF6}.Debug|Any CPU.ActiveCfg = Debug|Any CPU
		{18A93F89-0F7A-4AAD-9B81-458E67817AF6}.Debug|Any CPU.Build.0 = Debug|Any CPU
		{18A93F89-0F7A-4AAD-9B81-458E67817AF6}.Release|Any CPU.ActiveCfg = Release|Any CPU
		{18A93F89-0F7A-4AAD-9B81-458E67817AF6}.Release|Any CPU.Build.0 = Release|Any CPU
		{AF055A9C-A84C-4939-B157-8F6FFC6D22A3}.Debug|Any CPU.ActiveCfg = Debug|Any CPU
		{AF055A9C-A84C-4939-B157-8F6FFC6D22A3}.Debug|Any CPU.Build.0 = Debug|Any CPU
		{AF055A9C-A84C-4939-B157-8F6FFC6D22A3}.Release|Any CPU.ActiveCfg = Release|Any CPU
		{AF055A9C-A84C-4939-B157-8F6FFC6D22A3}.Release|Any CPU.Build.0 = Release|Any CPU
	EndGlobalSection
	GlobalSection(SolutionProperties) = preSolution
		HideSolutionNode = FALSE
	EndGlobalSection
	GlobalSection(ExtensibilityGlobals) = postSolution
		SolutionGuid = {26A23275-0BB6-45BD-A521-ACCE803D8348}
	EndGlobalSection
EndGlobal
